<Solution>
  <Project Path="Digger.Core.Editor.csproj" />
  <Project Path="Assembly-CSharp.csproj" />
  <Project Path="Digger.Splines.csproj" />
  <Project Path="Digger.Core.csproj" />
  <Project Path="Assembly-CSharp-firstpass.csproj" />
  <Project Path="Assembly-CSharp-Editor.csproj" />
  <Project Path="Digger.AdvancedOperations.Editor.csproj" />
  <Project Path="Digger.Splines.Editor.csproj" />
  <Project Path="Digger.AdvancedOperations.csproj" />
</Solution>
